
Microsoft Visual Studio Solution File, Format Version 12.00
# Visual Studio Version 17
VisualStudioVersion = 17.13.35825.156 d17.13
MinimumVisualStudioVersion = 10.0.40219.1
Project("{888888A0-9F3D-457C-B088-3A5042F75D52}") = "CIS110 ClassProject", "CIS110 ClassProject.pyproj", "{0C44390F-1FC2-41F6-B923-98D74014846D}"
EndProject
Global
	GlobalSection(SolutionConfigurationPlatforms) = preSolution
		Debug|Any CPU = Debug|Any CPU
		Release|Any CPU = Release|Any CPU
	EndGlobalSection
	GlobalSection(ProjectConfigurationPlatforms) = postSolution
		{0C44390F-1FC2-41F6-B923-98D74014846D}.Debug|Any CPU.ActiveCfg = Debug|Any CPU
		{0C44390F-1FC2-41F6-B923-98D74014846D}.Release|Any CPU.ActiveCfg = Release|Any CPU
	EndGlobalSection
	GlobalSection(SolutionProperties) = preSolution
		HideSolutionNode = FALSE
	EndGlobalSection
	GlobalSection(ExtensibilityGlobals) = postSolution
		SolutionGuid = {A45EFF57-F4C1-42F4-B271-FD03803109E4}
	EndGlobalSection
EndGlobal
